
Microsoft Visual Studio Solution File, Format Version 12.00
# Visual Studio Version 17
VisualStudioVersion = 17.5.33516.290
MinimumVisualStudioVersion = 10.0.40219.1
Project("{FAE04EC0-301F-11D3-BF4B-00C04F79EFBC}") = "MainForms", "MainForms\MainForms.csproj", "{D9DB8EA3-CC92-4780-B2DC-38F28D26F87D}"
EndProject
Global
	GlobalSection(SolutionConfigurationPlatforms) = preSolution
		Debug|Any CPU = Debug|Any CPU
		Release|Any CPU = Release|Any CPU
	EndGlobalSection
	GlobalSection(ProjectConfigurationPlatforms) = postSolution
		{D9DB8EA3-CC92-4780-B2DC-38F28D26F87D}.Debug|Any CPU.ActiveCfg = Debug|Any CPU
		{D9DB8EA3-CC92-4780-B2DC-38F28D26F87D}.Debug|Any CPU.Build.0 = Debug|Any CPU
		{D9DB8EA3-CC92-4780-B2DC-38F28D26F87D}.Release|Any CPU.ActiveCfg = Release|Any CPU
		{D9DB8EA3-CC92-4780-B2DC-38F28D26F87D}.Release|Any CPU.Build.0 = Release|Any CPU
	EndGlobalSection
	GlobalSection(SolutionProperties) = preSolution
		HideSolutionNode = FALSE
	EndGlobalSection
	GlobalSection(ExtensibilityGlobals) = postSolution
		SolutionGuid = {0D0AA725-76E3-4A9B-BF43-7A13C352C1E6}
	EndGlobalSection
EndGlobal
