
Microsoft Visual Studio Solution File, Format Version 12.00
# Visual Studio Version 17
VisualStudioVersion = 17.5.33516.290
MinimumVisualStudioVersion = 10.0.40219.1
Project("{FAE04EC0-301F-11D3-BF4B-00C04F79EFBC}") = "MainForms", "MainForms\MainForms.csproj", "{BF351567-25C5-4C06-89E0-C678EFE12847}"
EndProject
Project("{FAE04EC0-301F-11D3-BF4B-00C04F79EFBC}") = "Services", "Services\Services.csproj", "{6BBD67BC-9F90-481B-9BEA-F3FFFA25BD23}"
EndProject
Global
	GlobalSection(SolutionConfigurationPlatforms) = preSolution
		Debug|Any CPU = Debug|Any CPU
		Release|Any CPU = Release|Any CPU
	EndGlobalSection
	GlobalSection(ProjectConfigurationPlatforms) = postSolution
		{BF351567-25C5-4C06-89E0-C678EFE12847}.Debug|Any CPU.ActiveCfg = Debug|Any CPU
		{BF351567-25C5-4C06-89E0-C678EFE12847}.Debug|Any CPU.Build.0 = Debug|Any CPU
		{BF351567-25C5-4C06-89E0-C678EFE12847}.Release|Any CPU.ActiveCfg = Release|Any CPU
		{BF351567-25C5-4C06-89E0-C678EFE12847}.Release|Any CPU.Build.0 = Release|Any CPU
		{6BBD67BC-9F90-481B-9BEA-F3FFFA25BD23}.Debug|Any CPU.ActiveCfg = Debug|Any CPU
		{6BBD67BC-9F90-481B-9BEA-F3FFFA25BD23}.Debug|Any CPU.Build.0 = Debug|Any CPU
		{6BBD67BC-9F90-481B-9BEA-F3FFFA25BD23}.Release|Any CPU.ActiveCfg = Release|Any CPU
		{6BBD67BC-9F90-481B-9BEA-F3FFFA25BD23}.Release|Any CPU.Build.0 = Release|Any CPU
	EndGlobalSection
	GlobalSection(SolutionProperties) = preSolution
		HideSolutionNode = FALSE
	EndGlobalSection
	GlobalSection(ExtensibilityGlobals) = postSolution
		SolutionGuid = {53A07D0A-A538-457B-928F-994222B6BE62}
	EndGlobalSection
EndGlobal
